{
  "name": "@lr-ui/react",
  "version": "1.0.0",
  "lockfileVersion": 1,
  "requires": true,
  "dependencies": {
    "@stitches/react": {
      "version": "1.2.8",
      "resolved": "https://registry.npmjs.org/@stitches/react/-/react-1.2.8.tgz",
      "integrity": "sha512-9g9dWI4gsSVe8bNLlb+lMkBYsnIKCZTmvqvDG+Avnn69XfmHZKiaMrx7cgTaddq7aTPPmXiTsbFcUy0xgI4+wA=="
    }
  }
}
